// !$*UTF8*$!
{
	archiveVersion = 1;
	classes = {
	};
	objectVersion = 55;
	objects = {

/* Begin PBXBuildFile section */
		8A27FAD028A3FDDC00C661FC /* AppDelegate.swift in Sources */ = {isa = PBXBuildFile; fileRef = 8A27FACF28A3FDDC00C661FC /* AppDelegate.swift */; };
		8A27FAD228A3FDDC00C661FC /* SceneDelegate.swift in Sources */ = {isa = PBXBuildFile; fileRef = 8A27FAD128A3FDDC00C661FC /* SceneDelegate.swift */; };
		8A27FAD728A3FDDC00C661FC /* Main.storyboard in Resources */ = {isa = PBXBuildFile; fileRef = 8A27FAD528A3FDDC00C661FC /* Main.storyboard */; };
		8A27FAD928A3FDDD00C661FC /* Assets.xcassets in Resources */ = {isa = PBXBuildFile; fileRef = 8A27FAD828A3FDDD00C661FC /* Assets.xcassets */; };
		8A27FADC28A3FDDD00C661FC /* LaunchScreen.storyboard in Resources */ = {isa = PBXBuildFile; fileRef = 8A27FADA28A3FDDD00C661FC /* LaunchScreen.storyboard */; };
		8AB8817728A9A7AB00906122 /* Ex+Data.swift in Sources */ = {isa = PBXBuildFile; fileRef = 8AB8817628A9A7AB00906122 /* Ex+Data.swift */; };
		8AEFC1C128A5A8BB0022C253 /* Alamofire in Frameworks */ = {isa = PBXBuildFile; productRef = 8AEFC1C028A5A8BB0022C253 /* Alamofire */; };
		8AEFC1C428A5A9820022C253 /* Cosmos in Frameworks */ = {isa = PBXBuildFile; productRef = 8AEFC1C328A5A9820022C253 /* Cosmos */; };
		8AEFC1C728A5AA070022C253 /* RxCocoa in Frameworks */ = {isa = PBXBuildFile; productRef = 8AEFC1C628A5AA070022C253 /* RxCocoa */; };
		8AEFC1C928A5AA070022C253 /* RxSwift in Frameworks */ = {isa = PBXBuildFile; productRef = 8AEFC1C828A5AA070022C253 /* RxSwift */; };
		8AEFC1CC28A5AA6A0022C253 /* Kingfisher in Frameworks */ = {isa = PBXBuildFile; productRef = 8AEFC1CB28A5AA6A0022C253 /* Kingfisher */; };
		8AEFC1D128A5AC710022C253 /* MainRouter.swift in Sources */ = {isa = PBXBuildFile; fileRef = 8AEFC1D028A5AC710022C253 /* MainRouter.swift */; };
		8AEFC1D328A5AD2E0022C253 /* NetworkConstants.swift in Sources */ = {isa = PBXBuildFile; fileRef = 8AEFC1D228A5AD2E0022C253 /* NetworkConstants.swift */; };
		8AEFC1D528A5ADB10022C253 /* NetworkErrors.swift in Sources */ = {isa = PBXBuildFile; fileRef = 8AEFC1D428A5ADB10022C253 /* NetworkErrors.swift */; };
		8AEFC1D828A5AE470022C253 /* MainScreeensRouter.swift in Sources */ = {isa = PBXBuildFile; fileRef = 8AEFC1D728A5AE470022C253 /* MainScreeensRouter.swift */; };
		8AEFC1DA28A5B02C0022C253 /* NetworkApiCaller.swift in Sources */ = {isa = PBXBuildFile; fileRef = 8AEFC1D928A5B02C0022C253 /* NetworkApiCaller.swift */; };
		8AEFC1DD28A5BA820022C253 /* MainRepo.swift in Sources */ = {isa = PBXBuildFile; fileRef = 8AEFC1DC28A5BA820022C253 /* MainRepo.swift */; };
		8AEFC1E128A5BB4E0022C253 /* HomeVC.swift in Sources */ = {isa = PBXBuildFile; fileRef = 8AEFC1E028A5BB4E0022C253 /* HomeVC.swift */; };
		8AEFC1E428A5BB670022C253 /* HomeVM.swift in Sources */ = {isa = PBXBuildFile; fileRef = 8AEFC1E328A5BB670022C253 /* HomeVM.swift */; };
		8AEFC1E628A5BB710022C253 /* HomeDataModel.swift in Sources */ = {isa = PBXBuildFile; fileRef = 8AEFC1E528A5BB710022C253 /* HomeDataModel.swift */; };
		8AEFC1EE28A685960022C253 /* MovieCollectionViewCell.swift in Sources */ = {isa = PBXBuildFile; fileRef = 8AEFC1EC28A685960022C253 /* MovieCollectionViewCell.swift */; };
		8AEFC1EF28A685960022C253 /* MovieCollectionViewCell.xib in Resources */ = {isa = PBXBuildFile; fileRef = 8AEFC1ED28A685960022C253 /* MovieCollectionViewCell.xib */; };
		8AEFC1F228A68BEA0022C253 /* Ex+UIViewController.swift in Sources */ = {isa = PBXBuildFile; fileRef = 8AEFC1F128A68BEA0022C253 /* Ex+UIViewController.swift */; };
		8AEFC1F528A68C380022C253 /* MBProgressHUD in Frameworks */ = {isa = PBXBuildFile; productRef = 8AEFC1F428A68C380022C253 /* MBProgressHUD */; };
		8AEFC20528A7CCCE0022C253 /* Ex+UIView.swift in Sources */ = {isa = PBXBuildFile; fileRef = 8AEFC20428A7CCCD0022C253 /* Ex+UIView.swift */; };
		8AEFC20728A8261F0022C253 /* MovieDetailsVC.swift in Sources */ = {isa = PBXBuildFile; fileRef = 8AEFC20628A8261F0022C253 /* MovieDetailsVC.swift */; };
/* End PBXBuildFile section */

/* Begin PBXFileReference section */
		8A27FACC28A3FDDC00C661FC /* MovieApp.app */ = {isa = PBXFileReference; explicitFileType = wrapper.application; includeInIndex = 0; path = MovieApp.app; sourceTree = BUILT_PRODUCTS_DIR; };
		8A27FACF28A3FDDC00C661FC /* AppDelegate.swift */ = {isa = PBXFileReference; lastKnownFileType = sourcecode.swift; path = AppDelegate.swift; sourceTree = "<group>"; };
		8A27FAD128A3FDDC00C661FC /* SceneDelegate.swift */ = {isa = PBXFileReference; lastKnownFileType = sourcecode.swift; path = SceneDelegate.swift; sourceTree = "<group>"; };
		8A27FAD628A3FDDC00C661FC /* Base */ = {isa = PBXFileReference; lastKnownFileType = file.storyboard; name = Base; path = Base.lproj/Main.storyboard; sourceTree = "<group>"; };
		8A27FAD828A3FDDD00C661FC /* Assets.xcassets */ = {isa = PBXFileReference; lastKnownFileType = folder.assetcatalog; path = Assets.xcassets; sourceTree = "<group>"; };
		8A27FADB28A3FDDD00C661FC /* Base */ = {isa = PBXFileReference; lastKnownFileType = file.storyboard; name = Base; path = Base.lproj/LaunchScreen.storyboard; sourceTree = "<group>"; };
		8A27FADD28A3FDDD00C661FC /* Info.plist */ = {isa = PBXFileReference; lastKnownFileType = text.plist.xml; path = Info.plist; sourceTree = "<group>"; };
		8AB8817628A9A7AB00906122 /* Ex+Data.swift */ = {isa = PBXFileReference; lastKnownFileType = sourcecode.swift; path = "Ex+Data.swift"; sourceTree = "<group>"; };
		8AEFC1D028A5AC710022C253 /* MainRouter.swift */ = {isa = PBXFileReference; lastKnownFileType = sourcecode.swift; path = MainRouter.swift; sourceTree = "<group>"; };
		8AEFC1D228A5AD2E0022C253 /* NetworkConstants.swift */ = {isa = PBXFileReference; lastKnownFileType = sourcecode.swift; path = NetworkConstants.swift; sourceTree = "<group>"; };
		8AEFC1D428A5ADB10022C253 /* NetworkErrors.swift */ = {isa = PBXFileReference; lastKnownFileType = sourcecode.swift; path = NetworkErrors.swift; sourceTree = "<group>"; };
		8AEFC1D728A5AE470022C253 /* MainScreeensRouter.swift */ = {isa = PBXFileReference; lastKnownFileType = sourcecode.swift; path = MainScreeensRouter.swift; sourceTree = "<group>"; };
		8AEFC1D928A5B02C0022C253 /* NetworkApiCaller.swift */ = {isa = PBXFileReference; lastKnownFileType = sourcecode.swift; path = NetworkApiCaller.swift; sourceTree = "<group>"; };
		8AEFC1DC28A5BA820022C253 /* MainRepo.swift */ = {isa = PBXFileReference; lastKnownFileType = sourcecode.swift; path = MainRepo.swift; sourceTree = "<group>"; };
		8AEFC1E028A5BB4E0022C253 /* HomeVC.swift */ = {isa = PBXFileReference; lastKnownFileType = sourcecode.swift; path = HomeVC.swift; sourceTree = "<group>"; };
		8AEFC1E328A5BB670022C253 /* HomeVM.swift */ = {isa = PBXFileReference; lastKnownFileType = sourcecode.swift; path = HomeVM.swift; sourceTree = "<group>"; };
		8AEFC1E528A5BB710022C253 /* HomeDataModel.swift */ = {isa = PBXFileReference; lastKnownFileType = sourcecode.swift; path = HomeDataModel.swift; sourceTree = "<group>"; };
		8AEFC1EC28A685960022C253 /* MovieCollectionViewCell.swift */ = {isa = PBXFileReference; lastKnownFileType = sourcecode.swift; path = MovieCollectionViewCell.swift; sourceTree = "<group>"; };
		8AEFC1ED28A685960022C253 /* MovieCollectionViewCell.xib */ = {isa = PBXFileReference; lastKnownFileType = file.xib; path = MovieCollectionViewCell.xib; sourceTree = "<group>"; };
		8AEFC1F128A68BEA0022C253 /* Ex+UIViewController.swift */ = {isa = PBXFileReference; lastKnownFileType = sourcecode.swift; path = "Ex+UIViewController.swift"; sourceTree = "<group>"; };
		8AEFC20428A7CCCD0022C253 /* Ex+UIView.swift */ = {isa = PBXFileReference; lastKnownFileType = sourcecode.swift; path = "Ex+UIView.swift"; sourceTree = "<group>"; };
		8AEFC20628A8261F0022C253 /* MovieDetailsVC.swift */ = {isa = PBXFileReference; lastKnownFileType = sourcecode.swift; path = MovieDetailsVC.swift; sourceTree = "<group>"; };
/* End PBXFileReference section */

/* Begin PBXFrameworksBuildPhase section */
		8A27FAC928A3FDDC00C661FC /* Frameworks */ = {
			isa = PBXFrameworksBuildPhase;
			buildActionMask = 2147483647;
			files = (
				8AEFC1F528A68C380022C253 /* MBProgressHUD in Frameworks */,
				8AEFC1C728A5AA070022C253 /* RxCocoa in Frameworks */,
				8AEFC1C428A5A9820022C253 /* Cosmos in Frameworks */,
				8AEFC1C928A5AA070022C253 /* RxSwift in Frameworks */,
				8AEFC1C128A5A8BB0022C253 /* Alamofire in Frameworks */,
				8AEFC1CC28A5AA6A0022C253 /* Kingfisher in Frameworks */,
			);
			runOnlyForDeploymentPostprocessing = 0;
		};
/* End PBXFrameworksBuildPhase section */

/* Begin PBXGroup section */
		8A27FAC328A3FDDC00C661FC = {
			isa = PBXGroup;
			children = (
				8A27FACE28A3FDDC00C661FC /* MovieApp */,
				8A27FACD28A3FDDC00C661FC /* Products */,
			);
			sourceTree = "<group>";
		};
		8A27FACD28A3FDDC00C661FC /* Products */ = {
			isa = PBXGroup;
			children = (
				8A27FACC28A3FDDC00C661FC /* MovieApp.app */,
			);
			name = Products;
			sourceTree = "<group>";
		};
		8A27FACE28A3FDDC00C661FC /* MovieApp */ = {
			isa = PBXGroup;
			children = (
				8AEFC1CD28A5AB6F0022C253 /* Resources */,
				8AEFC1CE28A5AC420022C253 /* Uitilites */,
				8AEFC1DE28A5BAF30022C253 /* Screens */,
			);
			path = MovieApp;
			sourceTree = "<group>";
		};
		8AB8817828A9A92500906122 /* DataModel */ = {
			isa = PBXGroup;
			children = (
				8AEFC1E528A5BB710022C253 /* HomeDataModel.swift */,
			);
			path = DataModel;
			sourceTree = "<group>";
		};
		8AEFC1CD28A5AB6F0022C253 /* Resources */ = {
			isa = PBXGroup;
			children = (
				8A27FACF28A3FDDC00C661FC /* AppDelegate.swift */,
				8A27FAD128A3FDDC00C661FC /* SceneDelegate.swift */,
				8A27FAD828A3FDDD00C661FC /* Assets.xcassets */,
				8A27FADA28A3FDDD00C661FC /* LaunchScreen.storyboard */,
				8A27FADD28A3FDDD00C661FC /* Info.plist */,
			);
			path = Resources;
			sourceTree = "<group>";
		};
		8AEFC1CE28A5AC420022C253 /* Uitilites */ = {
			isa = PBXGroup;
			children = (
				8AEFC1F028A68BC20022C253 /* Extensions+Helper */,
				8AEFC1CF28A5AC5F0022C253 /* Network Manager */,
			);
			path = Uitilites;
			sourceTree = "<group>";
		};
		8AEFC1CF28A5AC5F0022C253 /* Network Manager */ = {
			isa = PBXGroup;
			children = (
				8AEFC1D028A5AC710022C253 /* MainRouter.swift */,
				8AEFC1D228A5AD2E0022C253 /* NetworkConstants.swift */,
				8AEFC1D428A5ADB10022C253 /* NetworkErrors.swift */,
				8AEFC1D928A5B02C0022C253 /* NetworkApiCaller.swift */,
				8AEFC1D628A5AE2F0022C253 /* Routers */,
				8AEFC1DB28A5BA340022C253 /* Repositeries */,
			);
			path = "Network Manager";
			sourceTree = "<group>";
		};
		8AEFC1D628A5AE2F0022C253 /* Routers */ = {
			isa = PBXGroup;
			children = (
				8AEFC1D728A5AE470022C253 /* MainScreeensRouter.swift */,
			);
			path = Routers;
			sourceTree = "<group>";
		};
		8AEFC1DB28A5BA340022C253 /* Repositeries */ = {
			isa = PBXGroup;
			children = (
				8AEFC1DC28A5BA820022C253 /* MainRepo.swift */,
			);
			path = Repositeries;
			sourceTree = "<group>";
		};
		8AEFC1DE28A5BAF30022C253 /* Screens */ = {
			isa = PBXGroup;
			children = (
				8AEFC1DF28A5BB110022C253 /* View */,
				8AEFC1F728A6D2610022C253 /* Controllers */,
				8AEFC1E228A5BB540022C253 /* View Model */,
				8AB8817828A9A92500906122 /* DataModel */,
			);
			path = Screens;
			sourceTree = "<group>";
		};
		8AEFC1DF28A5BB110022C253 /* View */ = {
			isa = PBXGroup;
			children = (
				8A27FAD528A3FDDC00C661FC /* Main.storyboard */,
			);
			path = View;
			sourceTree = "<group>";
		};
		8AEFC1E228A5BB540022C253 /* View Model */ = {
			isa = PBXGroup;
			children = (
				8AEFC1E328A5BB670022C253 /* HomeVM.swift */,
			);
			path = "View Model";
			sourceTree = "<group>";
		};
		8AEFC1EB28A6845A0022C253 /* Home Cell */ = {
			isa = PBXGroup;
			children = (
				8AEFC1EC28A685960022C253 /* MovieCollectionViewCell.swift */,
				8AEFC1ED28A685960022C253 /* MovieCollectionViewCell.xib */,
			);
			path = "Home Cell";
			sourceTree = "<group>";
		};
		8AEFC1F028A68BC20022C253 /* Extensions+Helper */ = {
			isa = PBXGroup;
			children = (
				8AEFC1F128A68BEA0022C253 /* Ex+UIViewController.swift */,
				8AEFC20428A7CCCD0022C253 /* Ex+UIView.swift */,
				8AB8817628A9A7AB00906122 /* Ex+Data.swift */,
			);
			path = "Extensions+Helper";
			sourceTree = "<group>";
		};
		8AEFC1F728A6D2610022C253 /* Controllers */ = {
			isa = PBXGroup;
			children = (
				8AEFC1EB28A6845A0022C253 /* Home Cell */,
				8AEFC1E028A5BB4E0022C253 /* HomeVC.swift */,
				8AEFC20628A8261F0022C253 /* MovieDetailsVC.swift */,
			);
			path = Controllers;
			sourceTree = "<group>";
		};
/* End PBXGroup section */

/* Begin PBXNativeTarget section */
		8A27FACB28A3FDDC00C661FC /* MovieApp */ = {
			isa = PBXNativeTarget;
			buildConfigurationList = 8A27FAE028A3FDDD00C661FC /* Build configuration list for PBXNativeTarget "MovieApp" */;
			buildPhases = (
				8A27FAC828A3FDDC00C661FC /* Sources */,
				8A27FAC928A3FDDC00C661FC /* Frameworks */,
				8A27FACA28A3FDDC00C661FC /* Resources */,
			);
			buildRules = (
			);
			dependencies = (
			);
			name = MovieApp;
			packageProductDependencies = (
				8AEFC1C028A5A8BB0022C253 /* Alamofire */,
				8AEFC1C328A5A9820022C253 /* Cosmos */,
				8AEFC1C628A5AA070022C253 /* RxCocoa */,
				8AEFC1C828A5AA070022C253 /* RxSwift */,
				8AEFC1CB28A5AA6A0022C253 /* Kingfisher */,
				8AEFC1F428A68C380022C253 /* MBProgressHUD */,
			);
			productName = MovieApp;
			productReference = 8A27FACC28A3FDDC00C661FC /* MovieApp.app */;
			productType = "com.apple.product-type.application";
		};
/* End PBXNativeTarget section */

/* Begin PBXProject section */
		8A27FAC428A3FDDC00C661FC /* Project object */ = {
			isa = PBXProject;
			attributes = {
				BuildIndependentTargetsInParallel = 1;
				LastSwiftUpdateCheck = 1340;
				LastUpgradeCheck = 1340;
				TargetAttributes = {
					8A27FACB28A3FDDC00C661FC = {
						CreatedOnToolsVersion = 13.4;
					};
				};
			};
			buildConfigurationList = 8A27FAC728A3FDDC00C661FC /* Build configuration list for PBXProject "MovieApp" */;
			compatibilityVersion = "Xcode 13.0";
			developmentRegion = en;
			hasScannedForEncodings = 0;
			knownRegions = (
				en,
				Base,
			);
			mainGroup = 8A27FAC328A3FDDC00C661FC;
			packageReferences = (
				8AEFC1BF28A5A8BB0022C253 /* XCRemoteSwiftPackageReference "Alamofire" */,
				8AEFC1C228A5A9820022C253 /* XCRemoteSwiftPackageReference "Cosmos" */,
				8AEFC1C528A5AA070022C253 /* XCRemoteSwiftPackageReference "RxSwift" */,
				8AEFC1CA28A5AA6A0022C253 /* XCRemoteSwiftPackageReference "Kingfisher" */,
				8AEFC1F328A68C380022C253 /* XCRemoteSwiftPackageReference "MBProgressHUD" */,
			);
			productRefGroup = 8A27FACD28A3FDDC00C661FC /* Products */;
			projectDirPath = "";
			projectRoot = "";
			targets = (
				8A27FACB28A3FDDC00C661FC /* MovieApp */,
			);
		};
/* End PBXProject section */

/* Begin PBXResourcesBuildPhase section */
		8A27FACA28A3FDDC00C661FC /* Resources */ = {
			isa = PBXResourcesBuildPhase;
			buildActionMask = 2147483647;
			files = (
				8A27FADC28A3FDDD00C661FC /* LaunchScreen.storyboard in Resources */,
				8A27FAD928A3FDDD00C661FC /* Assets.xcassets in Resources */,
				8A27FAD728A3FDDC00C661FC /* Main.storyboard in Resources */,
				8AEFC1EF28A685960022C253 /* MovieCollectionViewCell.xib in Resources */,
			);
			runOnlyForDeploymentPostprocessing = 0;
		};
/* End PBXResourcesBuildPhase section */

/* Begin PBXSourcesBuildPhase section */
		8A27FAC828A3FDDC00C661FC /* Sources */ = {
			isa = PBXSourcesBuildPhase;
			buildActionMask = 2147483647;
			files = (
				8AEFC1DA28A5B02C0022C253 /* NetworkApiCaller.swift in Sources */,
				8AEFC1EE28A685960022C253 /* MovieCollectionViewCell.swift in Sources */,
				8AEFC1E428A5BB670022C253 /* HomeVM.swift in Sources */,
				8AEFC1F228A68BEA0022C253 /* Ex+UIViewController.swift in Sources */,
				8AEFC1E628A5BB710022C253 /* HomeDataModel.swift in Sources */,
				8AEFC20728A8261F0022C253 /* MovieDetailsVC.swift in Sources */,
				8AEFC1E128A5BB4E0022C253 /* HomeVC.swift in Sources */,
				8AEFC1D128A5AC710022C253 /* MainRouter.swift in Sources */,
				8A27FAD028A3FDDC00C661FC /* AppDelegate.swift in Sources */,
				8AEFC1D328A5AD2E0022C253 /* NetworkConstants.swift in Sources */,
				8AEFC1DD28A5BA820022C253 /* MainRepo.swift in Sources */,
				8A27FAD228A3FDDC00C661FC /* SceneDelegate.swift in Sources */,
				8AEFC20528A7CCCE0022C253 /* Ex+UIView.swift in Sources */,
				8AEFC1D828A5AE470022C253 /* MainScreeensRouter.swift in Sources */,
				8AEFC1D528A5ADB10022C253 /* NetworkErrors.swift in Sources */,
				8AB8817728A9A7AB00906122 /* Ex+Data.swift in Sources */,
			);
			runOnlyForDeploymentPostprocessing = 0;
		};
/* End PBXSourcesBuildPhase section */

/* Begin PBXVariantGroup section */
		8A27FAD528A3FDDC00C661FC /* Main.storyboard */ = {
			isa = PBXVariantGroup;
			children = (
				8A27FAD628A3FDDC00C661FC /* Base */,
			);
			name = Main.storyboard;
			sourceTree = "<group>";
		};
		8A27FADA28A3FDDD00C661FC /* LaunchScreen.storyboard */ = {
			isa = PBXVariantGroup;
			children = (
				8A27FADB28A3FDDD00C661FC /* Base */,
			);
			name = LaunchScreen.storyboard;
			sourceTree = "<group>";
		};
/* End PBXVariantGroup section */

/* Begin XCBuildConfiguration section */
		8A27FADE28A3FDDD00C661FC /* Debug */ = {
			isa = XCBuildConfiguration;
			buildSettings = {
				ALWAYS_SEARCH_USER_PATHS = NO;
				CLANG_ANALYZER_NONNULL = YES;
				CLANG_ANALYZER_NUMBER_OBJECT_CONVERSION = YES_AGGRESSIVE;
				CLANG_CXX_LANGUAGE_STANDARD = "gnu++17";
				CLANG_ENABLE_MODULES = YES;
				CLANG_ENABLE_OBJC_ARC = YES;
				CLANG_ENABLE_OBJC_WEAK = YES;
				CLANG_WARN_BLOCK_CAPTURE_AUTORELEASING = YES;
				CLANG_WARN_BOOL_CONVERSION = YES;
				CLANG_WARN_COMMA = YES;
				CLANG_WARN_CONSTANT_CONVERSION = YES;
				CLANG_WARN_DEPRECATED_OBJC_IMPLEMENTATIONS = YES;
				CLANG_WARN_DIRECT_OBJC_ISA_USAGE = YES_ERROR;
				CLANG_WARN_DOCUMENTATION_COMMENTS = YES;
				CLANG_WARN_EMPTY_BODY = YES;
				CLANG_WARN_ENUM_CONVERSION = YES;
				CLANG_WARN_INFINITE_RECURSION = YES;
				CLANG_WARN_INT_CONVERSION = YES;
				CLANG_WARN_NON_LITERAL_NULL_CONVERSION = YES;
				CLANG_WARN_OBJC_IMPLICIT_RETAIN_SELF = YES;
				CLANG_WARN_OBJC_LITERAL_CONVERSION = YES;
				CLANG_WARN_OBJC_ROOT_CLASS = YES_ERROR;
				CLANG_WARN_QUOTED_INCLUDE_IN_FRAMEWORK_HEADER = YES;
				CLANG_WARN_RANGE_LOOP_ANALYSIS = YES;
				CLANG_WARN_STRICT_PROTOTYPES = YES;
				CLANG_WARN_SUSPICIOUS_MOVE = YES;
				CLANG_WARN_UNGUARDED_AVAILABILITY = YES_AGGRESSIVE;
				CLANG_WARN_UNREACHABLE_CODE = YES;
				CLANG_WARN__DUPLICATE_METHOD_MATCH = YES;
				COPY_PHASE_STRIP = NO;
				DEBUG_INFORMATION_FORMAT = dwarf;
				ENABLE_STRICT_OBJC_MSGSEND = YES;
				ENABLE_TESTABILITY = YES;
				GCC_C_LANGUAGE_STANDARD = gnu11;
				GCC_DYNAMIC_NO_PIC = NO;
				GCC_NO_COMMON_BLOCKS = YES;
				GCC_OPTIMIZATION_LEVEL = 0;
				GCC_PREPROCESSOR_DEFINITIONS = (
					"DEBUG=1",
					"$(inherited)",
				);
				GCC_WARN_64_TO_32_BIT_CONVERSION = YES;
				GCC_WARN_ABOUT_RETURN_TYPE = YES_ERROR;
				GCC_WARN_UNDECLARED_SELECTOR = YES;
				GCC_WARN_UNINITIALIZED_AUTOS = YES_AGGRESSIVE;
				GCC_WARN_UNUSED_FUNCTION = YES;
				GCC_WARN_UNUSED_VARIABLE = YES;
				IPHONEOS_DEPLOYMENT_TARGET = 15.5;
				MTL_ENABLE_DEBUG_INFO = INCLUDE_SOURCE;
				MTL_FAST_MATH = YES;
				ONLY_ACTIVE_ARCH = YES;
				SDKROOT = iphoneos;
				SWIFT_ACTIVE_COMPILATION_CONDITIONS = DEBUG;
				SWIFT_OPTIMIZATION_LEVEL = "-Onone";
			};
			name = Debug;
		};
		8A27FADF28A3FDDD00C661FC /* Release */ = {
			isa = XCBuildConfiguration;
			buildSettings = {
				ALWAYS_SEARCH_USER_PATHS = NO;
				CLANG_ANALYZER_NONNULL = YES;
				CLANG_ANALYZER_NUMBER_OBJECT_CONVERSION = YES_AGGRESSIVE;
				CLANG_CXX_LANGUAGE_STANDARD = "gnu++17";
				CLANG_ENABLE_MODULES = YES;
				CLANG_ENABLE_OBJC_ARC = YES;
				CLANG_ENABLE_OBJC_WEAK = YES;
				CLANG_WARN_BLOCK_CAPTURE_AUTORELEASING = YES;
				CLANG_WARN_BOOL_CONVERSION = YES;
				CLANG_WARN_COMMA = YES;
				CLANG_WARN_CONSTANT_CONVERSION = YES;
				CLANG_WARN_DEPRECATED_OBJC_IMPLEMENTATIONS = YES;
				CLANG_WARN_DIRECT_OBJC_ISA_USAGE = YES_ERROR;
				CLANG_WARN_DOCUMENTATION_COMMENTS = YES;
				CLANG_WARN_EMPTY_BODY = YES;
				CLANG_WARN_ENUM_CONVERSION = YES;
				CLANG_WARN_INFINITE_RECURSION = YES;
				CLANG_WARN_INT_CONVERSION = YES;
				CLANG_WARN_NON_LITERAL_NULL_CONVERSION = YES;
				CLANG_WARN_OBJC_IMPLICIT_RETAIN_SELF = YES;
				CLANG_WARN_OBJC_LITERAL_CONVERSION = YES;
				CLANG_WARN_OBJC_ROOT_CLASS = YES_ERROR;
				CLANG_WARN_QUOTED_INCLUDE_IN_FRAMEWORK_HEADER = YES;
				CLANG_WARN_RANGE_LOOP_ANALYSIS = YES;
				CLANG_WARN_STRICT_PROTOTYPES = YES;
				CLANG_WARN_SUSPICIOUS_MOVE = YES;
				CLANG_WARN_UNGUARDED_AVAILABILITY = YES_AGGRESSIVE;
				CLANG_WARN_UNREACHABLE_CODE = YES;
				CLANG_WARN__DUPLICATE_METHOD_MATCH = YES;
				COPY_PHASE_STRIP = NO;
				DEBUG_INFORMATION_FORMAT = "dwarf-with-dsym";
				ENABLE_NS_ASSERTIONS = NO;
				ENABLE_STRICT_OBJC_MSGSEND = YES;
				GCC_C_LANGUAGE_STANDARD = gnu11;
				GCC_NO_COMMON_BLOCKS = YES;
				GCC_WARN_64_TO_32_BIT_CONVERSION = YES;
				GCC_WARN_ABOUT_RETURN_TYPE = YES_ERROR;
				GCC_WARN_UNDECLARED_SELECTOR = YES;
				GCC_WARN_UNINITIALIZED_AUTOS = YES_AGGRESSIVE;
				GCC_WARN_UNUSED_FUNCTION = YES;
				GCC_WARN_UNUSED_VARIABLE = YES;
				IPHONEOS_DEPLOYMENT_TARGET = 15.5;
				MTL_ENABLE_DEBUG_INFO = NO;
				MTL_FAST_MATH = YES;
				SDKROOT = iphoneos;
				SWIFT_COMPILATION_MODE = wholemodule;
				SWIFT_OPTIMIZATION_LEVEL = "-O";
				VALIDATE_PRODUCT = YES;
			};
			name = Release;
		};
		8A27FAE128A3FDDD00C661FC /* Debug */ = {
			isa = XCBuildConfiguration;
			buildSettings = {
				ASSETCATALOG_COMPILER_APPICON_NAME = AppIcon;
				ASSETCATALOG_COMPILER_GLOBAL_ACCENT_COLOR_NAME = AccentColor;
				CODE_SIGN_STYLE = Automatic;
				CURRENT_PROJECT_VERSION = 1;
				DEVELOPMENT_TEAM = XHKRMS9TZN;
				GENERATE_INFOPLIST_FILE = YES;
				INFOPLIST_FILE = MovieApp/Resources/Info.plist;
				INFOPLIST_KEY_UIApplicationSupportsIndirectInputEvents = YES;
				INFOPLIST_KEY_UILaunchStoryboardName = LaunchScreen;
				INFOPLIST_KEY_UIMainStoryboardFile = Main;
				INFOPLIST_KEY_UISupportedInterfaceOrientations_iPad = "UIInterfaceOrientationPortrait UIInterfaceOrientationPortraitUpsideDown UIInterfaceOrientationLandscapeLeft UIInterfaceOrientationLandscapeRight";
				INFOPLIST_KEY_UISupportedInterfaceOrientations_iPhone = "UIInterfaceOrientationPortrait UIInterfaceOrientationLandscapeLeft UIInterfaceOrientationLandscapeRight";
				IPHONEOS_DEPLOYMENT_TARGET = 14.0;
				LD_RUNPATH_SEARCH_PATHS = (
					"$(inherited)",
					"@executable_path/Frameworks",
				);
				MARKETING_VERSION = 1.0;
				PRODUCT_BUNDLE_IDENTIFIER = Adam.MovieApp;
				PRODUCT_NAME = "$(TARGET_NAME)";
				SWIFT_EMIT_LOC_STRINGS = YES;
				SWIFT_VERSION = 5.0;
				TARGETED_DEVICE_FAMILY = 1;
			};
			name = Debug;
		};
		8A27FAE228A3FDDD00C661FC /* Release */ = {
			isa = XCBuildConfiguration;
			buildSettings = {
				ASSETCATALOG_COMPILER_APPICON_NAME = AppIcon;
				ASSETCATALOG_COMPILER_GLOBAL_ACCENT_COLOR_NAME = AccentColor;
				CODE_SIGN_STYLE = Automatic;
				CURRENT_PROJECT_VERSION = 1;
				DEVELOPMENT_TEAM = XHKRMS9TZN;
				GENERATE_INFOPLIST_FILE = YES;
				INFOPLIST_FILE = MovieApp/Resources/Info.plist;
				INFOPLIST_KEY_UIApplicationSupportsIndirectInputEvents = YES;
				INFOPLIST_KEY_UILaunchStoryboardName = LaunchScreen;
				INFOPLIST_KEY_UIMainStoryboardFile = Main;
				INFOPLIST_KEY_UISupportedInterfaceOrientations_iPad = "UIInterfaceOrientationPortrait UIInterfaceOrientationPortraitUpsideDown UIInterfaceOrientationLandscapeLeft UIInterfaceOrientationLandscapeRight";
				INFOPLIST_KEY_UISupportedInterfaceOrientations_iPhone = "UIInterfaceOrientationPortrait UIInterfaceOrientationLandscapeLeft UIInterfaceOrientationLandscapeRight";
				IPHONEOS_DEPLOYMENT_TARGET = 14.0;
				LD_RUNPATH_SEARCH_PATHS = (
					"$(inherited)",
					"@executable_path/Frameworks",
				);
				MARKETING_VERSION = 1.0;
				PRODUCT_BUNDLE_IDENTIFIER = Adam.MovieApp;
				PRODUCT_NAME = "$(TARGET_NAME)";
				SWIFT_EMIT_LOC_STRINGS = YES;
				SWIFT_VERSION = 5.0;
				TARGETED_DEVICE_FAMILY = 1;
			};
			name = Release;
		};
/* End XCBuildConfiguration section */

/* Begin XCConfigurationList section */
		8A27FAC728A3FDDC00C661FC /* Build configuration list for PBXProject "MovieApp" */ = {
			isa = XCConfigurationList;
			buildConfigurations = (
				8A27FADE28A3FDDD00C661FC /* Debug */,
				8A27FADF28A3FDDD00C661FC /* Release */,
			);
			defaultConfigurationIsVisible = 0;
			defaultConfigurationName = Release;
		};
		8A27FAE028A3FDDD00C661FC /* Build configuration list for PBXNativeTarget "MovieApp" */ = {
			isa = XCConfigurationList;
			buildConfigurations = (
				8A27FAE128A3FDDD00C661FC /* Debug */,
				8A27FAE228A3FDDD00C661FC /* Release */,
			);
			defaultConfigurationIsVisible = 0;
			defaultConfigurationName = Release;
		};
/* End XCConfigurationList section */

/* Begin XCRemoteSwiftPackageReference section */
		8AEFC1BF28A5A8BB0022C253 /* XCRemoteSwiftPackageReference "Alamofire" */ = {
			isa = XCRemoteSwiftPackageReference;
			repositoryURL = "https://github.com/Alamofire/Alamofire.git";
			requirement = {
				branch = master;
				kind = branch;
			};
		};
		8AEFC1C228A5A9820022C253 /* XCRemoteSwiftPackageReference "Cosmos" */ = {
			isa = XCRemoteSwiftPackageReference;
			repositoryURL = "https://github.com/evgenyneu/Cosmos.git";
			requirement = {
				branch = master;
				kind = branch;
			};
		};
		8AEFC1C528A5AA070022C253 /* XCRemoteSwiftPackageReference "RxSwift" */ = {
			isa = XCRemoteSwiftPackageReference;
			repositoryURL = "https://github.com/ReactiveX/RxSwift.git";
			requirement = {
				branch = main;
				kind = branch;
			};
		};
		8AEFC1CA28A5AA6A0022C253 /* XCRemoteSwiftPackageReference "Kingfisher" */ = {
			isa = XCRemoteSwiftPackageReference;
			repositoryURL = "https://github.com/onevcat/Kingfisher.git";
			requirement = {
				branch = master;
				kind = branch;
			};
		};
		8AEFC1F328A68C380022C253 /* XCRemoteSwiftPackageReference "MBProgressHUD" */ = {
			isa = XCRemoteSwiftPackageReference;
			repositoryURL = "https://github.com/jdg/MBProgressHUD.git";
			requirement = {
				branch = master;
				kind = branch;
			};
		};
/* End XCRemoteSwiftPackageReference section */

/* Begin XCSwiftPackageProductDependency section */
		8AEFC1C028A5A8BB0022C253 /* Alamofire */ = {
			isa = XCSwiftPackageProductDependency;
			package = 8AEFC1BF28A5A8BB0022C253 /* XCRemoteSwiftPackageReference "Alamofire" */;
			productName = Alamofire;
		};
		8AEFC1C328A5A9820022C253 /* Cosmos */ = {
			isa = XCSwiftPackageProductDependency;
			package = 8AEFC1C228A5A9820022C253 /* XCRemoteSwiftPackageReference "Cosmos" */;
			productName = Cosmos;
		};
		8AEFC1C628A5AA070022C253 /* RxCocoa */ = {
			isa = XCSwiftPackageProductDependency;
			package = 8AEFC1C528A5AA070022C253 /* XCRemoteSwiftPackageReference "RxSwift" */;
			productName = RxCocoa;
		};
		8AEFC1C828A5AA070022C253 /* RxSwift */ = {
			isa = XCSwiftPackageProductDependency;
			package = 8AEFC1C528A5AA070022C253 /* XCRemoteSwiftPackageReference "RxSwift" */;
			productName = RxSwift;
		};
		8AEFC1CB28A5AA6A0022C253 /* Kingfisher */ = {
			isa = XCSwiftPackageProductDependency;
			package = 8AEFC1CA28A5AA6A0022C253 /* XCRemoteSwiftPackageReference "Kingfisher" */;
			productName = Kingfisher;
		};
		8AEFC1F428A68C380022C253 /* MBProgressHUD */ = {
			isa = XCSwiftPackageProductDependency;
			package = 8AEFC1F328A68C380022C253 /* XCRemoteSwiftPackageReference "MBProgressHUD" */;
			productName = MBProgressHUD;
		};
/* End XCSwiftPackageProductDependency section */
	};
	rootObject = 8A27FAC428A3FDDC00C661FC /* Project object */;
}
